
Microsoft Visual Studio Solution File, Format Version 12.00
# Visual Studio 14
VisualStudioVersion = 14.0.23107.0
MinimumVisualStudioVersion = 10.0.40219.1
Project("{FAE04EC0-301F-11D3-BF4B-00C04F79EFBC}") = "Sch.Models.Interfaces", "Sch.Models.Interfaces\Sch.Models.Interfaces.csproj", "{53DE0372-6DAA-4C2A-BD18-0CBEEB29F5D8}"
EndProject
Project("{FAE04EC0-301F-11D3-BF4B-00C04F79EFBC}") = "Sch.Models", "Sch.Models\Sch.Models.csproj", "{C326C84C-591F-4906-87B2-4A5646B835D2}"
EndProject
Project("{FAE04EC0-301F-11D3-BF4B-00C04F79EFBC}") = "Sch.Models.Tests", "Sch.Models.Tests\Sch.Models.Tests.csproj", "{32DA2789-A451-424D-90AD-9B150102EA8B}"
EndProject
Project("{FAE04EC0-301F-11D3-BF4B-00C04F79EFBC}") = "Sch.Models.DependencyInversion", "Sch.Models.DependencyInversion\Sch.Models.DependencyInversion.csproj", "{48FE976C-F5B6-46E3-AEFF-E46FDBA8ADCD}"
EndProject
Global
	GlobalSection(SolutionConfigurationPlatforms) = preSolution
		Debug|Any CPU = Debug|Any CPU
		Release|Any CPU = Release|Any CPU
	EndGlobalSection
	GlobalSection(ProjectConfigurationPlatforms) = postSolution
		{53DE0372-6DAA-4C2A-BD18-0CBEEB29F5D8}.Debug|Any CPU.ActiveCfg = Debug|Any CPU
		{53DE0372-6DAA-4C2A-BD18-0CBEEB29F5D8}.Debug|Any CPU.Build.0 = Debug|Any CPU
		{53DE0372-6DAA-4C2A-BD18-0CBEEB29F5D8}.Release|Any CPU.ActiveCfg = Release|Any CPU
		{53DE0372-6DAA-4C2A-BD18-0CBEEB29F5D8}.Release|Any CPU.Build.0 = Release|Any CPU
		{C326C84C-591F-4906-87B2-4A5646B835D2}.Debug|Any CPU.ActiveCfg = Debug|Any CPU
		{C326C84C-591F-4906-87B2-4A5646B835D2}.Debug|Any CPU.Build.0 = Debug|Any CPU
		{C326C84C-591F-4906-87B2-4A5646B835D2}.Release|Any CPU.ActiveCfg = Release|Any CPU
		{C326C84C-591F-4906-87B2-4A5646B835D2}.Release|Any CPU.Build.0 = Release|Any CPU
		{32DA2789-A451-424D-90AD-9B150102EA8B}.Debug|Any CPU.ActiveCfg = Debug|Any CPU
		{32DA2789-A451-424D-90AD-9B150102EA8B}.Debug|Any CPU.Build.0 = Debug|Any CPU
		{32DA2789-A451-424D-90AD-9B150102EA8B}.Release|Any CPU.ActiveCfg = Release|Any CPU
		{32DA2789-A451-424D-90AD-9B150102EA8B}.Release|Any CPU.Build.0 = Release|Any CPU
		{48FE976C-F5B6-46E3-AEFF-E46FDBA8ADCD}.Debug|Any CPU.ActiveCfg = Debug|Any CPU
		{48FE976C-F5B6-46E3-AEFF-E46FDBA8ADCD}.Debug|Any CPU.Build.0 = Debug|Any CPU
		{48FE976C-F5B6-46E3-AEFF-E46FDBA8ADCD}.Release|Any CPU.ActiveCfg = Release|Any CPU
		{48FE976C-F5B6-46E3-AEFF-E46FDBA8ADCD}.Release|Any CPU.Build.0 = Release|Any CPU
	EndGlobalSection
	GlobalSection(SolutionProperties) = preSolution
		HideSolutionNode = FALSE
	EndGlobalSection
EndGlobal
